// !$*UTF8*$!
{
	archiveVersion = 1;
	classes = {
	};
	objectVersion = 46;
	objects = {

/* Begin PBXBuildFile section */
		2B13C3CE1DD6306100302FD0 /* main.m in Sources */ = {isa = PBXBuildFile; fileRef = 2B13C3CD1DD6306100302FD0 /* main.m */; };
		2B13C3D11DD6306100302FD0 /* AppDelegate.m in Sources */ = {isa = PBXBuildFile; fileRef = 2B13C3D01DD6306100302FD0 /* AppDelegate.m */; };
		2B13C3D41DD6306100302FD0 /* ViewController.m in Sources */ = {isa = PBXBuildFile; fileRef = 2B13C3D31DD6306100302FD0 /* ViewController.m */; };
		2B13C3D71DD6306100302FD0 /* Main.storyboard in Resources */ = {isa = PBXBuildFile; fileRef = 2B13C3D51DD6306100302FD0 /* Main.storyboard */; };
		2B13C3D91DD6306100302FD0 /* Assets.xcassets in Resources */ = {isa = PBXBuildFile; fileRef = 2B13C3D81DD6306100302FD0 /* Assets.xcassets */; };
		2B13C3DC1DD6306100302FD0 /* LaunchScreen.storyboard in Resources */ = {isa = PBXBuildFile; fileRef = 2B13C3DA1DD6306100302FD0 /* LaunchScreen.storyboard */; };
		2B13C3E71DD6306100302FD0 /* FingerPaintTests.m in Sources */ = {isa = PBXBuildFile; fileRef = 2B13C3E61DD6306100302FD0 /* FingerPaintTests.m */; };
		2B13C3F21DD6306100302FD0 /* FingerPaintUITests.m in Sources */ = {isa = PBXBuildFile; fileRef = 2B13C3F11DD6306100302FD0 /* FingerPaintUITests.m */; };
		2B13C4011DD630BB00302FD0 /* FingerPaintDrawing.m in Sources */ = {isa = PBXBuildFile; fileRef = 2B13C4001DD630BB00302FD0 /* FingerPaintDrawing.m */; };
/* End PBXBuildFile section */

/* Begin PBXContainerItemProxy section */
		2B13C3E31DD6306100302FD0 /* PBXContainerItemProxy */ = {
			isa = PBXContainerItemProxy;
			containerPortal = 2B13C3C11DD6306000302FD0 /* Project object */;
			proxyType = 1;
			remoteGlobalIDString = 2B13C3C81DD6306000302FD0;
			remoteInfo = FingerPaint;
		};
		2B13C3EE1DD6306100302FD0 /* PBXContainerItemProxy */ = {
			isa = PBXContainerItemProxy;
			containerPortal = 2B13C3C11DD6306000302FD0 /* Project object */;
			proxyType = 1;
			remoteGlobalIDString = 2B13C3C81DD6306000302FD0;
			remoteInfo = FingerPaint;
		};
/* End PBXContainerItemProxy section */

/* Begin PBXFileReference section */
		2B13C3C91DD6306000302FD0 /* FingerPaint.app */ = {isa = PBXFileReference; explicitFileType = wrapper.application; includeInIndex = 0; path = FingerPaint.app; sourceTree = BUILT_PRODUCTS_DIR; };
		2B13C3CD1DD6306100302FD0 /* main.m */ = {isa = PBXFileReference; lastKnownFileType = sourcecode.c.objc; path = main.m; sourceTree = "<group>"; };
		2B13C3CF1DD6306100302FD0 /* AppDelegate.h */ = {isa = PBXFileReference; lastKnownFileType = sourcecode.c.h; path = AppDelegate.h; sourceTree = "<group>"; };
		2B13C3D01DD6306100302FD0 /* AppDelegate.m */ = {isa = PBXFileReference; lastKnownFileType = sourcecode.c.objc; path = AppDelegate.m; sourceTree = "<group>"; };
		2B13C3D21DD6306100302FD0 /* ViewController.h */ = {isa = PBXFileReference; lastKnownFileType = sourcecode.c.h; path = ViewController.h; sourceTree = "<group>"; };
		2B13C3D31DD6306100302FD0 /* ViewController.m */ = {isa = PBXFileReference; lastKnownFileType = sourcecode.c.objc; path = ViewController.m; sourceTree = "<group>"; };
		2B13C3D61DD6306100302FD0 /* Base */ = {isa = PBXFileReference; lastKnownFileType = file.storyboard; name = Base; path = Base.lproj/Main.storyboard; sourceTree = "<group>"; };
		2B13C3D81DD6306100302FD0 /* Assets.xcassets */ = {isa = PBXFileReference; lastKnownFileType = folder.assetcatalog; path = Assets.xcassets; sourceTree = "<group>"; };
		2B13C3DB1DD6306100302FD0 /* Base */ = {isa = PBXFileReference; lastKnownFileType = file.storyboard; name = Base; path = Base.lproj/LaunchScreen.storyboard; sourceTree = "<group>"; };
		2B13C3DD1DD6306100302FD0 /* Info.plist */ = {isa = PBXFileReference; lastKnownFileType = text.plist.xml; path = Info.plist; sourceTree = "<group>"; };
		2B13C3E21DD6306100302FD0 /* FingerPaintTests.xctest */ = {isa = PBXFileReference; explicitFileType = wrapper.cfbundle; includeInIndex = 0; path = FingerPaintTests.xctest; sourceTree = BUILT_PRODUCTS_DIR; };
		2B13C3E61DD6306100302FD0 /* FingerPaintTests.m */ = {isa = PBXFileReference; lastKnownFileType = sourcecode.c.objc; path = FingerPaintTests.m; sourceTree = "<group>"; };
		2B13C3E81DD6306100302FD0 /* Info.plist */ = {isa = PBXFileReference; lastKnownFileType = text.plist.xml; path = Info.plist; sourceTree = "<group>"; };
		2B13C3ED1DD6306100302FD0 /* FingerPaintUITests.xctest */ = {isa = PBXFileReference; explicitFileType = wrapper.cfbundle; includeInIndex = 0; path = FingerPaintUITests.xctest; sourceTree = BUILT_PRODUCTS_DIR; };
		2B13C3F11DD6306100302FD0 /* FingerPaintUITests.m */ = {isa = PBXFileReference; lastKnownFileType = sourcecode.c.objc; path = FingerPaintUITests.m; sourceTree = "<group>"; };
		2B13C3F31DD6306100302FD0 /* Info.plist */ = {isa = PBXFileReference; lastKnownFileType = text.plist.xml; path = Info.plist; sourceTree = "<group>"; };
		2B13C3FF1DD630BB00302FD0 /* FingerPaintDrawing.h */ = {isa = PBXFileReference; fileEncoding = 4; lastKnownFileType = sourcecode.c.h; path = FingerPaintDrawing.h; sourceTree = "<group>"; };
		2B13C4001DD630BB00302FD0 /* FingerPaintDrawing.m */ = {isa = PBXFileReference; fileEncoding = 4; lastKnownFileType = sourcecode.c.objc; path = FingerPaintDrawing.m; sourceTree = "<group>"; };
/* End PBXFileReference section */

/* Begin PBXFrameworksBuildPhase section */
		2B13C3C61DD6306000302FD0 /* Frameworks */ = {
			isa = PBXFrameworksBuildPhase;
			buildActionMask = 2147483647;
			files = (
			);
			runOnlyForDeploymentPostprocessing = 0;
		};
		2B13C3DF1DD6306100302FD0 /* Frameworks */ = {
			isa = PBXFrameworksBuildPhase;
			buildActionMask = 2147483647;
			files = (
			);
			runOnlyForDeploymentPostprocessing = 0;
		};
		2B13C3EA1DD6306100302FD0 /* Frameworks */ = {
			isa = PBXFrameworksBuildPhase;
			buildActionMask = 2147483647;
			files = (
			);
			runOnlyForDeploymentPostprocessing = 0;
		};
/* End PBXFrameworksBuildPhase section */

/* Begin PBXGroup section */
		2B13C3C01DD6306000302FD0 = {
			isa = PBXGroup;
			children = (
				2B13C3CB1DD6306000302FD0 /* FingerPaint */,
				2B13C3E51DD6306100302FD0 /* FingerPaintTests */,
				2B13C3F01DD6306100302FD0 /* FingerPaintUITests */,
				2B13C3CA1DD6306000302FD0 /* Products */,
			);
			sourceTree = "<group>";
		};
		2B13C3CA1DD6306000302FD0 /* Products */ = {
			isa = PBXGroup;
			children = (
				2B13C3C91DD6306000302FD0 /* FingerPaint.app */,
				2B13C3E21DD6306100302FD0 /* FingerPaintTests.xctest */,
				2B13C3ED1DD6306100302FD0 /* FingerPaintUITests.xctest */,
			);
			name = Products;
			sourceTree = "<group>";
		};
		2B13C3CB1DD6306000302FD0 /* FingerPaint */ = {
			isa = PBXGroup;
			children = (
				2B13C3CF1DD6306100302FD0 /* AppDelegate.h */,
				2B13C3D01DD6306100302FD0 /* AppDelegate.m */,
				2B13C3D21DD6306100302FD0 /* ViewController.h */,
				2B13C3D31DD6306100302FD0 /* ViewController.m */,
				2B13C3FF1DD630BB00302FD0 /* FingerPaintDrawing.h */,
				2B13C4001DD630BB00302FD0 /* FingerPaintDrawing.m */,
				2B13C3D51DD6306100302FD0 /* Main.storyboard */,
				2B13C3D81DD6306100302FD0 /* Assets.xcassets */,
				2B13C3DA1DD6306100302FD0 /* LaunchScreen.storyboard */,
				2B13C3DD1DD6306100302FD0 /* Info.plist */,
				2B13C3CC1DD6306100302FD0 /* Supporting Files */,
			);
			path = FingerPaint;
			sourceTree = "<group>";
		};
		2B13C3CC1DD6306100302FD0 /* Supporting Files */ = {
			isa = PBXGroup;
			children = (
				2B13C3CD1DD6306100302FD0 /* main.m */,
			);
			name = "Supporting Files";
			sourceTree = "<group>";
		};
		2B13C3E51DD6306100302FD0 /* FingerPaintTests */ = {
			isa = PBXGroup;
			children = (
				2B13C3E61DD6306100302FD0 /* FingerPaintTests.m */,
				2B13C3E81DD6306100302FD0 /* Info.plist */,
			);
			path = FingerPaintTests;
			sourceTree = "<group>";
		};
		2B13C3F01DD6306100302FD0 /* FingerPaintUITests */ = {
			isa = PBXGroup;
			children = (
				2B13C3F11DD6306100302FD0 /* FingerPaintUITests.m */,
				2B13C3F31DD6306100302FD0 /* Info.plist */,
			);
			path = FingerPaintUITests;
			sourceTree = "<group>";
		};
/* End PBXGroup section */

/* Begin PBXNativeTarget section */
		2B13C3C81DD6306000302FD0 /* FingerPaint */ = {
			isa = PBXNativeTarget;
			buildConfigurationList = 2B13C3F61DD6306100302FD0 /* Build configuration list for PBXNativeTarget "FingerPaint" */;
			buildPhases = (
				2B13C3C51DD6306000302FD0 /* Sources */,
				2B13C3C61DD6306000302FD0 /* Frameworks */,
				2B13C3C71DD6306000302FD0 /* Resources */,
			);
			buildRules = (
			);
			dependencies = (
			);
			name = FingerPaint;
			productName = FingerPaint;
			productReference = 2B13C3C91DD6306000302FD0 /* FingerPaint.app */;
			productType = "com.apple.product-type.application";
		};
		2B13C3E11DD6306100302FD0 /* FingerPaintTests */ = {
			isa = PBXNativeTarget;
			buildConfigurationList = 2B13C3F91DD6306100302FD0 /* Build configuration list for PBXNativeTarget "FingerPaintTests" */;
			buildPhases = (
				2B13C3DE1DD6306100302FD0 /* Sources */,
				2B13C3DF1DD6306100302FD0 /* Frameworks */,
				2B13C3E01DD6306100302FD0 /* Resources */,
			);
			buildRules = (
			);
			dependencies = (
				2B13C3E41DD6306100302FD0 /* PBXTargetDependency */,
			);
			name = FingerPaintTests;
			productName = FingerPaintTests;
			productReference = 2B13C3E21DD6306100302FD0 /* FingerPaintTests.xctest */;
			productType = "com.apple.product-type.bundle.unit-test";
		};
		2B13C3EC1DD6306100302FD0 /* FingerPaintUITests */ = {
			isa = PBXNativeTarget;
			buildConfigurationList = 2B13C3FC1DD6306100302FD0 /* Build configuration list for PBXNativeTarget "FingerPaintUITests" */;
			buildPhases = (
				2B13C3E91DD6306100302FD0 /* Sources */,
				2B13C3EA1DD6306100302FD0 /* Frameworks */,
				2B13C3EB1DD6306100302FD0 /* Resources */,
			);
			buildRules = (
			);
			dependencies = (
				2B13C3EF1DD6306100302FD0 /* PBXTargetDependency */,
			);
			name = FingerPaintUITests;
			productName = FingerPaintUITests;
			productReference = 2B13C3ED1DD6306100302FD0 /* FingerPaintUITests.xctest */;
			productType = "com.apple.product-type.bundle.ui-testing";
		};
/* End PBXNativeTarget section */

/* Begin PBXProject section */
		2B13C3C11DD6306000302FD0 /* Project object */ = {
			isa = PBXProject;
			attributes = {
				LastUpgradeCheck = 0810;
				ORGANIZATIONNAME = "Victor Hong";
				TargetAttributes = {
					2B13C3C81DD6306000302FD0 = {
						CreatedOnToolsVersion = 8.1;
						ProvisioningStyle = Automatic;
					};
					2B13C3E11DD6306100302FD0 = {
						CreatedOnToolsVersion = 8.1;
						ProvisioningStyle = Automatic;
						TestTargetID = 2B13C3C81DD6306000302FD0;
					};
					2B13C3EC1DD6306100302FD0 = {
						CreatedOnToolsVersion = 8.1;
						ProvisioningStyle = Automatic;
						TestTargetID = 2B13C3C81DD6306000302FD0;
					};
				};
			};
			buildConfigurationList = 2B13C3C41DD6306000302FD0 /* Build configuration list for PBXProject "FingerPaint" */;
			compatibilityVersion = "Xcode 3.2";
			developmentRegion = English;
			hasScannedForEncodings = 0;
			knownRegions = (
				en,
				Base,
			);
			mainGroup = 2B13C3C01DD6306000302FD0;
			productRefGroup = 2B13C3CA1DD6306000302FD0 /* Products */;
			projectDirPath = "";
			projectRoot = "";
			targets = (
				2B13C3C81DD6306000302FD0 /* FingerPaint */,
				2B13C3E11DD6306100302FD0 /* FingerPaintTests */,
				2B13C3EC1DD6306100302FD0 /* FingerPaintUITests */,
			);
		};
/* End PBXProject section */

/* Begin PBXResourcesBuildPhase section */
		2B13C3C71DD6306000302FD0 /* Resources */ = {
			isa = PBXResourcesBuildPhase;
			buildActionMask = 2147483647;
			files = (
				2B13C3DC1DD6306100302FD0 /* LaunchScreen.storyboard in Resources */,
				2B13C3D91DD6306100302FD0 /* Assets.xcassets in Resources */,
				2B13C3D71DD6306100302FD0 /* Main.storyboard in Resources */,
			);
			runOnlyForDeploymentPostprocessing = 0;
		};
		2B13C3E01DD6306100302FD0 /* Resources */ = {
			isa = PBXResourcesBuildPhase;
			buildActionMask = 2147483647;
			files = (
			);
			runOnlyForDeploymentPostprocessing = 0;
		};
		2B13C3EB1DD6306100302FD0 /* Resources */ = {
			isa = PBXResourcesBuildPhase;
			buildActionMask = 2147483647;
			files = (
			);
			runOnlyForDeploymentPostprocessing = 0;
		};
/* End PBXResourcesBuildPhase section */

/* Begin PBXSourcesBuildPhase section */
		2B13C3C51DD6306000302FD0 /* Sources */ = {
			isa = PBXSourcesBuildPhase;
			buildActionMask = 2147483647;
			files = (
				2B13C3D41DD6306100302FD0 /* ViewController.m in Sources */,
				2B13C3D11DD6306100302FD0 /* AppDelegate.m in Sources */,
				2B13C4011DD630BB00302FD0 /* FingerPaintDrawing.m in Sources */,
				2B13C3CE1DD6306100302FD0 /* main.m in Sources */,
			);
			runOnlyForDeploymentPostprocessing = 0;
		};
		2B13C3DE1DD6306100302FD0 /* Sources */ = {
			isa = PBXSourcesBuildPhase;
			buildActionMask = 2147483647;
			files = (
				2B13C3E71DD6306100302FD0 /* FingerPaintTests.m in Sources */,
			);
			runOnlyForDeploymentPostprocessing = 0;
		};
		2B13C3E91DD6306100302FD0 /* Sources */ = {
			isa = PBXSourcesBuildPhase;
			buildActionMask = 2147483647;
			files = (
				2B13C3F21DD6306100302FD0 /* FingerPaintUITests.m in Sources */,
			);
			runOnlyForDeploymentPostprocessing = 0;
		};
/* End PBXSourcesBuildPhase section */

/* Begin PBXTargetDependency section */
		2B13C3E41DD6306100302FD0 /* PBXTargetDependency */ = {
			isa = PBXTargetDependency;
			target = 2B13C3C81DD6306000302FD0 /* FingerPaint */;
			targetProxy = 2B13C3E31DD6306100302FD0 /* PBXContainerItemProxy */;
		};
		2B13C3EF1DD6306100302FD0 /* PBXTargetDependency */ = {
			isa = PBXTargetDependency;
			target = 2B13C3C81DD6306000302FD0 /* FingerPaint */;
			targetProxy = 2B13C3EE1DD6306100302FD0 /* PBXContainerItemProxy */;
		};
/* End PBXTargetDependency section */

/* Begin PBXVariantGroup section */
		2B13C3D51DD6306100302FD0 /* Main.storyboard */ = {
			isa = PBXVariantGroup;
			children = (
				2B13C3D61DD6306100302FD0 /* Base */,
			);
			name = Main.storyboard;
			sourceTree = "<group>";
		};
		2B13C3DA1DD6306100302FD0 /* LaunchScreen.storyboard */ = {
			isa = PBXVariantGroup;
			children = (
				2B13C3DB1DD6306100302FD0 /* Base */,
			);
			name = LaunchScreen.storyboard;
			sourceTree = "<group>";
		};
/* End PBXVariantGroup section */

/* Begin XCBuildConfiguration section */
		2B13C3F41DD6306100302FD0 /* Debug */ = {
			isa = XCBuildConfiguration;
			buildSettings = {
				ALWAYS_SEARCH_USER_PATHS = NO;
				CLANG_ANALYZER_NONNULL = YES;
				CLANG_CXX_LANGUAGE_STANDARD = "gnu++0x";
				CLANG_CXX_LIBRARY = "libc++";
				CLANG_ENABLE_MODULES = YES;
				CLANG_ENABLE_OBJC_ARC = YES;
				CLANG_WARN_BOOL_CONVERSION = YES;
				CLANG_WARN_CONSTANT_CONVERSION = YES;
				CLANG_WARN_DIRECT_OBJC_ISA_USAGE = YES_ERROR;
				CLANG_WARN_DOCUMENTATION_COMMENTS = YES;
				CLANG_WARN_EMPTY_BODY = YES;
				CLANG_WARN_ENUM_CONVERSION = YES;
				CLANG_WARN_INFINITE_RECURSION = YES;
				CLANG_WARN_INT_CONVERSION = YES;
				CLANG_WARN_OBJC_ROOT_CLASS = YES_ERROR;
				CLANG_WARN_SUSPICIOUS_MOVES = YES;
				CLANG_WARN_UNREACHABLE_CODE = YES;
				CLANG_WARN__DUPLICATE_METHOD_MATCH = YES;
				"CODE_SIGN_IDENTITY[sdk=iphoneos*]" = "iPhone Developer";
				COPY_PHASE_STRIP = NO;
				DEBUG_INFORMATION_FORMAT = dwarf;
				ENABLE_STRICT_OBJC_MSGSEND = YES;
				ENABLE_TESTABILITY = YES;
				GCC_C_LANGUAGE_STANDARD = gnu99;
				GCC_DYNAMIC_NO_PIC = NO;
				GCC_NO_COMMON_BLOCKS = YES;
				GCC_OPTIMIZATION_LEVEL = 0;
				GCC_PREPROCESSOR_DEFINITIONS = (
					"DEBUG=1",
					"$(inherited)",
				);
				GCC_WARN_64_TO_32_BIT_CONVERSION = YES;
				GCC_WARN_ABOUT_RETURN_TYPE = YES_ERROR;
				GCC_WARN_UNDECLARED_SELECTOR = YES;
				GCC_WARN_UNINITIALIZED_AUTOS = YES_AGGRESSIVE;
				GCC_WARN_UNUSED_FUNCTION = YES;
				GCC_WARN_UNUSED_VARIABLE = YES;
				IPHONEOS_DEPLOYMENT_TARGET = 10.1;
				MTL_ENABLE_DEBUG_INFO = YES;
				ONLY_ACTIVE_ARCH = YES;
				SDKROOT = iphoneos;
				TARGETED_DEVICE_FAMILY = "1,2";
			};
			name = Debug;
		};
		2B13C3F51DD6306100302FD0 /* Release */ = {
			isa = XCBuildConfiguration;
			buildSettings = {
				ALWAYS_SEARCH_USER_PATHS = NO;
				CLANG_ANALYZER_NONNULL = YES;
				CLANG_CXX_LANGUAGE_STANDARD = "gnu++0x";
				CLANG_CXX_LIBRARY = "libc++";
				CLANG_ENABLE_MODULES = YES;
				CLANG_ENABLE_OBJC_ARC = YES;
				CLANG_WARN_BOOL_CONVERSION = YES;
				CLANG_WARN_CONSTANT_CONVERSION = YES;
				CLANG_WARN_DIRECT_OBJC_ISA_USAGE = YES_ERROR;
				CLANG_WARN_DOCUMENTATION_COMMENTS = YES;
				CLANG_WARN_EMPTY_BODY = YES;
				CLANG_WARN_ENUM_CONVERSION = YES;
				CLANG_WARN_INFINITE_RECURSION = YES;
				CLANG_WARN_INT_CONVERSION = YES;
				CLANG_WARN_OBJC_ROOT_CLASS = YES_ERROR;
				CLANG_WARN_SUSPICIOUS_MOVES = YES;
				CLANG_WARN_UNREACHABLE_CODE = YES;
				CLANG_WARN__DUPLICATE_METHOD_MATCH = YES;
				"CODE_SIGN_IDENTITY[sdk=iphoneos*]" = "iPhone Developer";
				COPY_PHASE_STRIP = NO;
				DEBUG_INFORMATION_FORMAT = "dwarf-with-dsym";
				ENABLE_NS_ASSERTIONS = NO;
				ENABLE_STRICT_OBJC_MSGSEND = YES;
				GCC_C_LANGUAGE_STANDARD = gnu99;
				GCC_NO_COMMON_BLOCKS = YES;
				GCC_WARN_64_TO_32_BIT_CONVERSION = YES;
				GCC_WARN_ABOUT_RETURN_TYPE = YES_ERROR;
				GCC_WARN_UNDECLARED_SELECTOR = YES;
				GCC_WARN_UNINITIALIZED_AUTOS = YES_AGGRESSIVE;
				GCC_WARN_UNUSED_FUNCTION = YES;
				GCC_WARN_UNUSED_VARIABLE = YES;
				IPHONEOS_DEPLOYMENT_TARGET = 10.1;
				MTL_ENABLE_DEBUG_INFO = NO;
				SDKROOT = iphoneos;
				TARGETED_DEVICE_FAMILY = "1,2";
				VALIDATE_PRODUCT = YES;
			};
			name = Release;
		};
		2B13C3F71DD6306100302FD0 /* Debug */ = {
			isa = XCBuildConfiguration;
			buildSettings = {
				ASSETCATALOG_COMPILER_APPICON_NAME = AppIcon;
				INFOPLIST_FILE = FingerPaint/Info.plist;
				LD_RUNPATH_SEARCH_PATHS = "$(inherited) @executable_path/Frameworks";
				PRODUCT_BUNDLE_IDENTIFIER = com.victorhong.FingerPaint;
				PRODUCT_NAME = "$(TARGET_NAME)";
			};
			name = Debug;
		};
		2B13C3F81DD6306100302FD0 /* Release */ = {
			isa = XCBuildConfiguration;
			buildSettings = {
				ASSETCATALOG_COMPILER_APPICON_NAME = AppIcon;
				INFOPLIST_FILE = FingerPaint/Info.plist;
				LD_RUNPATH_SEARCH_PATHS = "$(inherited) @executable_path/Frameworks";
				PRODUCT_BUNDLE_IDENTIFIER = com.victorhong.FingerPaint;
				PRODUCT_NAME = "$(TARGET_NAME)";
			};
			name = Release;
		};
		2B13C3FA1DD6306100302FD0 /* Debug */ = {
			isa = XCBuildConfiguration;
			buildSettings = {
				BUNDLE_LOADER = "$(TEST_HOST)";
				INFOPLIST_FILE = FingerPaintTests/Info.plist;
				LD_RUNPATH_SEARCH_PATHS = "$(inherited) @executable_path/Frameworks @loader_path/Frameworks";
				PRODUCT_BUNDLE_IDENTIFIER = com.victorhong.FingerPaintTests;
				PRODUCT_NAME = "$(TARGET_NAME)";
				TEST_HOST = "$(BUILT_PRODUCTS_DIR)/FingerPaint.app/FingerPaint";
			};
			name = Debug;
		};
		2B13C3FB1DD6306100302FD0 /* Release */ = {
			isa = XCBuildConfiguration;
			buildSettings = {
				BUNDLE_LOADER = "$(TEST_HOST)";
				INFOPLIST_FILE = FingerPaintTests/Info.plist;
				LD_RUNPATH_SEARCH_PATHS = "$(inherited) @executable_path/Frameworks @loader_path/Frameworks";
				PRODUCT_BUNDLE_IDENTIFIER = com.victorhong.FingerPaintTests;
				PRODUCT_NAME = "$(TARGET_NAME)";
				TEST_HOST = "$(BUILT_PRODUCTS_DIR)/FingerPaint.app/FingerPaint";
			};
			name = Release;
		};
		2B13C3FD1DD6306100302FD0 /* Debug */ = {
			isa = XCBuildConfiguration;
			buildSettings = {
				INFOPLIST_FILE = FingerPaintUITests/Info.plist;
				LD_RUNPATH_SEARCH_PATHS = "$(inherited) @executable_path/Frameworks @loader_path/Frameworks";
				PRODUCT_BUNDLE_IDENTIFIER = com.victorhong.FingerPaintUITests;
				PRODUCT_NAME = "$(TARGET_NAME)";
				TEST_TARGET_NAME = FingerPaint;
			};
			name = Debug;
		};
		2B13C3FE1DD6306100302FD0 /* Release */ = {
			isa = XCBuildConfiguration;
			buildSettings = {
				INFOPLIST_FILE = FingerPaintUITests/Info.plist;
				LD_RUNPATH_SEARCH_PATHS = "$(inherited) @executable_path/Frameworks @loader_path/Frameworks";
				PRODUCT_BUNDLE_IDENTIFIER = com.victorhong.FingerPaintUITests;
				PRODUCT_NAME = "$(TARGET_NAME)";
				TEST_TARGET_NAME = FingerPaint;
			};
			name = Release;
		};
/* End XCBuildConfiguration section */

/* Begin XCConfigurationList section */
		2B13C3C41DD6306000302FD0 /* Build configuration list for PBXProject "FingerPaint" */ = {
			isa = XCConfigurationList;
			buildConfigurations = (
				2B13C3F41DD6306100302FD0 /* Debug */,
				2B13C3F51DD6306100302FD0 /* Release */,
			);
			defaultConfigurationIsVisible = 0;
			defaultConfigurationName = Release;
		};
		2B13C3F61DD6306100302FD0 /* Build configuration list for PBXNativeTarget "FingerPaint" */ = {
			isa = XCConfigurationList;
			buildConfigurations = (
				2B13C3F71DD6306100302FD0 /* Debug */,
				2B13C3F81DD6306100302FD0 /* Release */,
			);
			defaultConfigurationIsVisible = 0;
		};
		2B13C3F91DD6306100302FD0 /* Build configuration list for PBXNativeTarget "FingerPaintTests" */ = {
			isa = XCConfigurationList;
			buildConfigurations = (
				2B13C3FA1DD6306100302FD0 /* Debug */,
				2B13C3FB1DD6306100302FD0 /* Release */,
			);
			defaultConfigurationIsVisible = 0;
		};
		2B13C3FC1DD6306100302FD0 /* Build configuration list for PBXNativeTarget "FingerPaintUITests" */ = {
			isa = XCConfigurationList;
			buildConfigurations = (
				2B13C3FD1DD6306100302FD0 /* Debug */,
				2B13C3FE1DD6306100302FD0 /* Release */,
			);
			defaultConfigurationIsVisible = 0;
		};
/* End XCConfigurationList section */
	};
	rootObject = 2B13C3C11DD6306000302FD0 /* Project object */;
}
